
Microsoft Visual Studio Solution File, Format Version 12.00
# Visual Studio 15
VisualStudioVersion = 15.0.28307.902
MinimumVisualStudioVersion = 10.0.40219.1
Project("{FAE04EC0-301F-11D3-BF4B-00C04F79EFBC}") = "CalculaPrecoPorTipoProduto", "CalculaPrecoPorTipoProduto\CalculaPrecoPorTipoProduto.csproj", "{57BFF9B2-9039-4FB0-917B-C4A766BE779B}"
EndProject
Global
	GlobalSection(SolutionConfigurationPlatforms) = preSolution
		Debug|Any CPU = Debug|Any CPU
		Release|Any CPU = Release|Any CPU
	EndGlobalSection
	GlobalSection(ProjectConfigurationPlatforms) = postSolution
		{57BFF9B2-9039-4FB0-917B-C4A766BE779B}.Debug|Any CPU.ActiveCfg = Debug|Any CPU
		{57BFF9B2-9039-4FB0-917B-C4A766BE779B}.Debug|Any CPU.Build.0 = Debug|Any CPU
		{57BFF9B2-9039-4FB0-917B-C4A766BE779B}.Release|Any CPU.ActiveCfg = Release|Any CPU
		{57BFF9B2-9039-4FB0-917B-C4A766BE779B}.Release|Any CPU.Build.0 = Release|Any CPU
	EndGlobalSection
	GlobalSection(SolutionProperties) = preSolution
		HideSolutionNode = FALSE
	EndGlobalSection
	GlobalSection(ExtensibilityGlobals) = postSolution
		SolutionGuid = {71E8A76C-6332-4261-9A57-36BA8E76574A}
	EndGlobalSection
EndGlobal
